
Microsoft Visual Studio Solution File, Format Version 12.00
# Visual Studio Version 17
VisualStudioVersion = 17.4.33122.133
MinimumVisualStudioVersion = 10.0.40219.1
Project("{8BC9CEB8-8B4A-11D0-8D11-00A0C91BC942}") = "AoC_2022_Day1", "AoC_2022_Day1\AoC_2022_Day1.vcxproj", "{FD26C805-8EB8-4558-BFEA-1DFB4DC76455}"
EndProject
Project("{8BC9CEB8-8B4A-11D0-8D11-00A0C91BC942}") = "AoC_2022_Day1_Test", "AoC_2022_Day1_Test\AoC_2022_Day1_Test.vcxproj", "{C1318E87-5D2B-42F8-9773-F6852F8D5C82}"
EndProject
Project("{8BC9CEB8-8B4A-11D0-8D11-00A0C91BC942}") = "AoC_2022_Day2", "AoC_2022_Day2\AoC_2022_Day2.vcxproj", "{5FCECB78-4755-44A7-9128-8E0919EB7A55}"
EndProject
Project("{8BC9CEB8-8B4A-11D0-8D11-00A0C91BC942}") = "AoC_2022_Day2_Test", "AoC_2022_Day2_Test\AoC_2022_Day2_Test.vcxproj", "{93CA9B9A-99B6-484D-AC0B-F3C168BDFFBD}"
EndProject
Project("{8BC9CEB8-8B4A-11D0-8D11-00A0C91BC942}") = "AoC_2022_Day3", "AoC_2022_Day3\AoC_2022_Day3.vcxproj", "{784E9AF6-0E49-4343-B822-3751D05890A1}"
EndProject
Project("{8BC9CEB8-8B4A-11D0-8D11-00A0C91BC942}") = "AoC_2022_Day3_Test", "AoC_2022_Day3_Test\AoC_2022_Day3_Test.vcxproj", "{9F419660-2EF6-4F39-B9D1-D8C7B981A8F7}"
EndProject
Project("{8BC9CEB8-8B4A-11D0-8D11-00A0C91BC942}") = "AoC_2022_Day4", "AoC_2022_Day4\AoC_2022_Day4.vcxproj", "{9A214C0F-FA7E-4C9E-8D8D-212748D73E87}"
EndProject
Project("{8BC9CEB8-8B4A-11D0-8D11-00A0C91BC942}") = "AoC_2022_Day4_Test", "AoC_2022_Day4_Test\AoC_2022_Day4_Test.vcxproj", "{007BF221-7312-4CE3-B1F5-8256716BA9D0}"
EndProject
Project("{8BC9CEB8-8B4A-11D0-8D11-00A0C91BC942}") = "AoC_2022_Day5", "AoC_2022_Day5\AoC_2022_Day5.vcxproj", "{015CC9BC-969E-421C-B9E8-5542CB74C213}"
EndProject
Project("{8BC9CEB8-8B4A-11D0-8D11-00A0C91BC942}") = "AoC_2022_Day5_Test", "AoC_2022_Day5_Test\AoC_2022_Day5_Test.vcxproj", "{4FD1731E-3582-4BF6-92DD-E703B75A5F2E}"
EndProject
Project("{8BC9CEB8-8B4A-11D0-8D11-00A0C91BC942}") = "AoC_2022_Day6", "AoC_2022_Day6\AoC_2022_Day6.vcxproj", "{4312E7C0-0F93-4955-98DC-3280AE27BF45}"
EndProject
Project("{8BC9CEB8-8B4A-11D0-8D11-00A0C91BC942}") = "AoC_2022_Day6_Test", "AoC_2022_Day6_Test\AoC_2022_Day6_Test.vcxproj", "{60FDD91E-8430-4A6D-908D-292F74586A41}"
EndProject
Project("{8BC9CEB8-8B4A-11D0-8D11-00A0C91BC942}") = "AoC_2022_Day7", "AoC_2022_Day7\AoC_2022_Day7.vcxproj", "{F64F9A87-E28A-418A-A29C-4A9A6404CB4C}"
EndProject
Project("{8BC9CEB8-8B4A-11D0-8D11-00A0C91BC942}") = "AoC_2022_Day7_Test", "AoC_2022_Day7_Test\AoC_2022_Day7_Test.vcxproj", "{B2023491-3BFA-4312-A207-492C16AFE83D}"
EndProject
Project("{8BC9CEB8-8B4A-11D0-8D11-00A0C91BC942}") = "AoC_2022_Day8", "AoC_2022_Day8\AoC_2022_Day8.vcxproj", "{A7A1055E-007D-47F2-8B44-418ACB60E1DC}"
EndProject
Project("{8BC9CEB8-8B4A-11D0-8D11-00A0C91BC942}") = "AoC_2022_Day8_Test", "AoC_2022_Day8_Test\AoC_2022_Day8_Test.vcxproj", "{8A4686C2-4B43-4972-BF5E-C8201346A50C}"
EndProject
Global
	GlobalSection(SolutionConfigurationPlatforms) = preSolution
		Debug|x64 = Debug|x64
		Release|x64 = Release|x64
	EndGlobalSection
	GlobalSection(ProjectConfigurationPlatforms) = postSolution
		{FD26C805-8EB8-4558-BFEA-1DFB4DC76455}.Debug|x64.ActiveCfg = Debug|x64
		{FD26C805-8EB8-4558-BFEA-1DFB4DC76455}.Debug|x64.Build.0 = Debug|x64
		{FD26C805-8EB8-4558-BFEA-1DFB4DC76455}.Release|x64.ActiveCfg = Release|x64
		{FD26C805-8EB8-4558-BFEA-1DFB4DC76455}.Release|x64.Build.0 = Release|x64
		{C1318E87-5D2B-42F8-9773-F6852F8D5C82}.Debug|x64.ActiveCfg = Debug|x64
		{C1318E87-5D2B-42F8-9773-F6852F8D5C82}.Debug|x64.Build.0 = Debug|x64
		{C1318E87-5D2B-42F8-9773-F6852F8D5C82}.Release|x64.ActiveCfg = Release|x64
		{C1318E87-5D2B-42F8-9773-F6852F8D5C82}.Release|x64.Build.0 = Release|x64
		{5FCECB78-4755-44A7-9128-8E0919EB7A55}.Debug|x64.ActiveCfg = Debug|x64
		{5FCECB78-4755-44A7-9128-8E0919EB7A55}.Debug|x64.Build.0 = Debug|x64
		{5FCECB78-4755-44A7-9128-8E0919EB7A55}.Release|x64.ActiveCfg = Release|x64
		{5FCECB78-4755-44A7-9128-8E0919EB7A55}.Release|x64.Build.0 = Release|x64
		{93CA9B9A-99B6-484D-AC0B-F3C168BDFFBD}.Debug|x64.ActiveCfg = Debug|x64
		{93CA9B9A-99B6-484D-AC0B-F3C168BDFFBD}.Debug|x64.Build.0 = Debug|x64
		{93CA9B9A-99B6-484D-AC0B-F3C168BDFFBD}.Release|x64.ActiveCfg = Release|x64
		{93CA9B9A-99B6-484D-AC0B-F3C168BDFFBD}.Release|x64.Build.0 = Release|x64
		{784E9AF6-0E49-4343-B822-3751D05890A1}.Debug|x64.ActiveCfg = Debug|x64
		{784E9AF6-0E49-4343-B822-3751D05890A1}.Debug|x64.Build.0 = Debug|x64
		{784E9AF6-0E49-4343-B822-3751D05890A1}.Release|x64.ActiveCfg = Release|x64
		{784E9AF6-0E49-4343-B822-3751D05890A1}.Release|x64.Build.0 = Release|x64
		{9F419660-2EF6-4F39-B9D1-D8C7B981A8F7}.Debug|x64.ActiveCfg = Debug|x64
		{9F419660-2EF6-4F39-B9D1-D8C7B981A8F7}.Debug|x64.Build.0 = Debug|x64
		{9F419660-2EF6-4F39-B9D1-D8C7B981A8F7}.Release|x64.ActiveCfg = Release|x64
		{9F419660-2EF6-4F39-B9D1-D8C7B981A8F7}.Release|x64.Build.0 = Release|x64
		{9A214C0F-FA7E-4C9E-8D8D-212748D73E87}.Debug|x64.ActiveCfg = Debug|x64
		{9A214C0F-FA7E-4C9E-8D8D-212748D73E87}.Debug|x64.Build.0 = Debug|x64
		{9A214C0F-FA7E-4C9E-8D8D-212748D73E87}.Release|x64.ActiveCfg = Release|x64
		{9A214C0F-FA7E-4C9E-8D8D-212748D73E87}.Release|x64.Build.0 = Release|x64
		{007BF221-7312-4CE3-B1F5-8256716BA9D0}.Debug|x64.ActiveCfg = Debug|x64
		{007BF221-7312-4CE3-B1F5-8256716BA9D0}.Debug|x64.Build.0 = Debug|x64
		{007BF221-7312-4CE3-B1F5-8256716BA9D0}.Release|x64.ActiveCfg = Release|x64
		{007BF221-7312-4CE3-B1F5-8256716BA9D0}.Release|x64.Build.0 = Release|x64
		{015CC9BC-969E-421C-B9E8-5542CB74C213}.Debug|x64.ActiveCfg = Debug|x64
		{015CC9BC-969E-421C-B9E8-5542CB74C213}.Debug|x64.Build.0 = Debug|x64
		{015CC9BC-969E-421C-B9E8-5542CB74C213}.Release|x64.ActiveCfg = Release|x64
		{015CC9BC-969E-421C-B9E8-5542CB74C213}.Release|x64.Build.0 = Release|x64
		{4FD1731E-3582-4BF6-92DD-E703B75A5F2E}.Debug|x64.ActiveCfg = Debug|x64
		{4FD1731E-3582-4BF6-92DD-E703B75A5F2E}.Debug|x64.Build.0 = Debug|x64
		{4FD1731E-3582-4BF6-92DD-E703B75A5F2E}.Release|x64.ActiveCfg = Release|x64
		{4FD1731E-3582-4BF6-92DD-E703B75A5F2E}.Release|x64.Build.0 = Release|x64
		{4312E7C0-0F93-4955-98DC-3280AE27BF45}.Debug|x64.ActiveCfg = Debug|x64
		{4312E7C0-0F93-4955-98DC-3280AE27BF45}.Debug|x64.Build.0 = Debug|x64
		{4312E7C0-0F93-4955-98DC-3280AE27BF45}.Release|x64.ActiveCfg = Release|x64
		{4312E7C0-0F93-4955-98DC-3280AE27BF45}.Release|x64.Build.0 = Release|x64
		{60FDD91E-8430-4A6D-908D-292F74586A41}.Debug|x64.ActiveCfg = Debug|x64
		{60FDD91E-8430-4A6D-908D-292F74586A41}.Debug|x64.Build.0 = Debug|x64
		{60FDD91E-8430-4A6D-908D-292F74586A41}.Release|x64.ActiveCfg = Release|x64
		{60FDD91E-8430-4A6D-908D-292F74586A41}.Release|x64.Build.0 = Release|x64
		{F64F9A87-E28A-418A-A29C-4A9A6404CB4C}.Debug|x64.ActiveCfg = Debug|x64
		{F64F9A87-E28A-418A-A29C-4A9A6404CB4C}.Debug|x64.Build.0 = Debug|x64
		{F64F9A87-E28A-418A-A29C-4A9A6404CB4C}.Release|x64.ActiveCfg = Release|x64
		{F64F9A87-E28A-418A-A29C-4A9A6404CB4C}.Release|x64.Build.0 = Release|x64
		{B2023491-3BFA-4312-A207-492C16AFE83D}.Debug|x64.ActiveCfg = Debug|x64
		{B2023491-3BFA-4312-A207-492C16AFE83D}.Debug|x64.Build.0 = Debug|x64
		{B2023491-3BFA-4312-A207-492C16AFE83D}.Release|x64.ActiveCfg = Release|x64
		{B2023491-3BFA-4312-A207-492C16AFE83D}.Release|x64.Build.0 = Release|x64
		{A7A1055E-007D-47F2-8B44-418ACB60E1DC}.Debug|x64.ActiveCfg = Debug|x64
		{A7A1055E-007D-47F2-8B44-418ACB60E1DC}.Debug|x64.Build.0 = Debug|x64
		{A7A1055E-007D-47F2-8B44-418ACB60E1DC}.Release|x64.ActiveCfg = Release|x64
		{A7A1055E-007D-47F2-8B44-418ACB60E1DC}.Release|x64.Build.0 = Release|x64
		{8A4686C2-4B43-4972-BF5E-C8201346A50C}.Debug|x64.ActiveCfg = Debug|x64
		{8A4686C2-4B43-4972-BF5E-C8201346A50C}.Debug|x64.Build.0 = Debug|x64
		{8A4686C2-4B43-4972-BF5E-C8201346A50C}.Release|x64.ActiveCfg = Release|x64
		{8A4686C2-4B43-4972-BF5E-C8201346A50C}.Release|x64.Build.0 = Release|x64
	EndGlobalSection
	GlobalSection(SolutionProperties) = preSolution
		HideSolutionNode = FALSE
	EndGlobalSection
	GlobalSection(ExtensibilityGlobals) = postSolution
		SolutionGuid = {0FDFF5BA-7122-42A5-A00E-E4FA6BF44845}
	EndGlobalSection
EndGlobal
